
Microsoft Visual Studio Solution File, Format Version 12.00
# Visual Studio Version 17
VisualStudioVersion = 17.8.34330.188
MinimumVisualStudioVersion = 10.0.40219.1
Project("{FAE04EC0-301F-11D3-BF4B-00C04F79EFBC}") = "SalesWebMvc", "SalesWebMvc.csproj", "{AD6A5087-FC30-485E-BFDD-84891C9D172A}"
EndProject
Global
	GlobalSection(SolutionConfigurationPlatforms) = preSolution
		Debug|Any CPU = Debug|Any CPU
		Release|Any CPU = Release|Any CPU
	EndGlobalSection
	GlobalSection(ProjectConfigurationPlatforms) = postSolution
		{AD6A5087-FC30-485E-BFDD-84891C9D172A}.Debug|Any CPU.ActiveCfg = Debug|Any CPU
		{AD6A5087-FC30-485E-BFDD-84891C9D172A}.Debug|Any CPU.Build.0 = Debug|Any CPU
		{AD6A5087-FC30-485E-BFDD-84891C9D172A}.Release|Any CPU.ActiveCfg = Release|Any CPU
		{AD6A5087-FC30-485E-BFDD-84891C9D172A}.Release|Any CPU.Build.0 = Release|Any CPU
	EndGlobalSection
	GlobalSection(SolutionProperties) = preSolution
		HideSolutionNode = FALSE
	EndGlobalSection
	GlobalSection(ExtensibilityGlobals) = postSolution
		SolutionGuid = {5C29233C-53CA-45EA-B18E-9C24ED1E81C7}
	EndGlobalSection
EndGlobal
